
Microsoft Visual Studio Solution File, Format Version 12.00
# Visual Studio Version 17
VisualStudioVersion = 17.2.32616.157
MinimumVisualStudioVersion = 10.0.40219.1
Project("{FAE04EC0-301F-11D3-BF4B-00C04F79EFBC}") = "TuitionIncrease8", "TuitionIncrease8\TuitionIncrease8.csproj", "{417DFCD9-1446-40CA-B46F-C1244F490CA9}"
EndProject
Global
	GlobalSection(SolutionConfigurationPlatforms) = preSolution
		Debug|Any CPU = Debug|Any CPU
		Release|Any CPU = Release|Any CPU
	EndGlobalSection
	GlobalSection(ProjectConfigurationPlatforms) = postSolution
		{417DFCD9-1446-40CA-B46F-C1244F490CA9}.Debug|Any CPU.ActiveCfg = Debug|Any CPU
		{417DFCD9-1446-40CA-B46F-C1244F490CA9}.Debug|Any CPU.Build.0 = Debug|Any CPU
		{417DFCD9-1446-40CA-B46F-C1244F490CA9}.Release|Any CPU.ActiveCfg = Release|Any CPU
		{417DFCD9-1446-40CA-B46F-C1244F490CA9}.Release|Any CPU.Build.0 = Release|Any CPU
	EndGlobalSection
	GlobalSection(SolutionProperties) = preSolution
		HideSolutionNode = FALSE
	EndGlobalSection
	GlobalSection(ExtensibilityGlobals) = postSolution
		SolutionGuid = {716628EE-749A-44FA-9F56-63F4CA401FF6}
	EndGlobalSection
EndGlobal
